Microsoft Visual Studio Solution File, Format Version 12.00
# Visual Studio Version 17
VisualStudioVersion = 17.9.34321.82
MinimumVisualStudioVersion = 10.0.40219.1
Project("{FAE04EC0-301F-11D3-BF4B-00C04F79EFBC}") = "LetsTalk.WebApi", "src\LetsTalk.WebApi\LetsTalk.WebApi.csproj", "{672279D2-DB80-4B58-91A6-E57A82825D2E}"
EndProject
Project("{2150E333-8FDC-42A3-9474-1A3956D46DE8}") = "Solution Items", "Solution Items", "{8EC462FD-D22E-90A8-E5CE-7E832BA40C5D}"
	ProjectSection(SolutionItems) = preProject
		.editorconfig = .editorconfig
		.gitattributes = .gitattributes
		.gitignore = .gitignore
		Directory.Build.props = Directory.Build.props
		Directory.Packages.props = Directory.Packages.props
		LICENSE = LICENSE
		README.md = README.md
		SpellingExclusions.dic = SpellingExclusions.dic
	EndProjectSection
EndProject
Project("{FAE04EC0-301F-11D3-BF4B-00C04F79EFBC}") = "LetsTalk.Domain", "src\LetsTalk.Domain\LetsTalk.Domain.csproj", "{80915FE2-B6FD-49F5-A67A-820D9CFA9DB6}"
EndProject
Project("{FAE04EC0-301F-11D3-BF4B-00C04F79EFBC}") = "LetsTalk.AppHost", "src\LetsTalk.AppHost\LetsTalk.AppHost.csproj", "{817F0961-E816-4758-8F8D-D8DF76547143}"
EndProject
Project("{FAE04EC0-301F-11D3-BF4B-00C04F79EFBC}") = "LetsTalk.ServiceDefaults", "src\LetsTalk.ServiceDefaults\LetsTalk.ServiceDefaults.csproj", "{B8013DE8-4980-09CA-F271-1E858B8C278D}"
EndProject
Project("{54A90642-561A-4BB1-A94E-469ADEE60C69}") = "LetsTalk.WebApp", "src\LetsTalk.WebApp\LetsTalk.WebApp.esproj", "{58DB88D9-6EDB-B22A-1C1B-C4C4212072A2}"
EndProject
Global
	GlobalSection(SolutionConfigurationPlatforms) = preSolution
		Debug|Any CPU = Debug|Any CPU
		Release|Any CPU = Release|Any CPU
	EndGlobalSection
	GlobalSection(ProjectConfigurationPlatforms) = postSolution
		{672279D2-DB80-4B58-91A6-E57A82825D2E}.Debug|Any CPU.ActiveCfg = Debug|Any CPU
		{672279D2-DB80-4B58-91A6-E57A82825D2E}.Debug|Any CPU.Build.0 = Debug|Any CPU
		{672279D2-DB80-4B58-91A6-E57A82825D2E}.Release|Any CPU.ActiveCfg = Release|Any CPU
		{672279D2-DB80-4B58-91A6-E57A82825D2E}.Release|Any CPU.Build.0 = Release|Any CPU
		{80915FE2-B6FD-49F5-A67A-820D9CFA9DB6}.Debug|Any CPU.ActiveCfg = Debug|Any CPU
		{80915FE2-B6FD-49F5-A67A-820D9CFA9DB6}.Debug|Any CPU.Build.0 = Debug|Any CPU
		{80915FE2-B6FD-49F5-A67A-820D9CFA9DB6}.Release|Any CPU.ActiveCfg = Release|Any CPU
		{80915FE2-B6FD-49F5-A67A-820D9CFA9DB6}.Release|Any CPU.Build.0 = Release|Any CPU
		{817F0961-E816-4758-8F8D-D8DF76547143}.Debug|Any CPU.ActiveCfg = Debug|Any CPU
		{817F0961-E816-4758-8F8D-D8DF76547143}.Debug|Any CPU.Build.0 = Debug|Any CPU
		{817F0961-E816-4758-8F8D-D8DF76547143}.Release|Any CPU.ActiveCfg = Release|Any CPU
		{817F0961-E816-4758-8F8D-D8DF76547143}.Release|Any CPU.Build.0 = Release|Any CPU
		{B8013DE8-4980-09CA-F271-1E858B8C278D}.Debug|Any CPU.ActiveCfg = Debug|Any CPU
		{B8013DE8-4980-09CA-F271-1E858B8C278D}.Debug|Any CPU.Build.0 = Debug|Any CPU
		{B8013DE8-4980-09CA-F271-1E858B8C278D}.Release|Any CPU.ActiveCfg = Release|Any CPU
		{B8013DE8-4980-09CA-F271-1E858B8C278D}.Release|Any CPU.Build.0 = Release|Any CPU
		{58DB88D9-6EDB-B22A-1C1B-C4C4212072A2}.Debug|Any CPU.ActiveCfg = Debug|Any CPU
		{58DB88D9-6EDB-B22A-1C1B-C4C4212072A2}.Debug|Any CPU.Build.0 = Debug|Any CPU
		{58DB88D9-6EDB-B22A-1C1B-C4C4212072A2}.Debug|Any CPU.Deploy.0 = Debug|Any CPU
		{58DB88D9-6EDB-B22A-1C1B-C4C4212072A2}.Release|Any CPU.ActiveCfg = Release|Any CPU
		{58DB88D9-6EDB-B22A-1C1B-C4C4212072A2}.Release|Any CPU.Build.0 = Release|Any CPU
		{58DB88D9-6EDB-B22A-1C1B-C4C4212072A2}.Release|Any CPU.Deploy.0 = Release|Any CPU
	EndGlobalSection
	GlobalSection(SolutionProperties) = preSolution
		HideSolutionNode = FALSE
	EndGlobalSection
	GlobalSection(ExtensibilityGlobals) = postSolution
		SolutionGuid = {8EF2BCE2-CE16-4EDB-829B-35F307C855F0}
	EndGlobalSection
EndGlobal
